
Microsoft Visual Studio Solution File, Format Version 12.00
# Visual Studio 2012
Project("{FAE04EC0-301F-11D3-BF4B-00C04F79EFBC}") = "CreditCardValidation", "CreditCardValidation\CreditCardValidation.csproj", "{EE5CA1C6-93C0-41B5-855F-DB0049A17283}"
EndProject
Global
	GlobalSection(SolutionConfigurationPlatforms) = preSolution
		Debug|iPhoneSimulator = Debug|iPhoneSimulator
		Release|iPhone = Release|iPhone
		Release|iPhoneSimulator = Release|iPhoneSimulator
		Debug|iPhone = Debug|iPhone
	EndGlobalSection
	GlobalSection(ProjectConfigurationPlatforms) = postSolution
		{EE5CA1C6-93C0-41B5-855F-DB0049A17283}.Debug|iPhoneSimulator.ActiveCfg = Debug|iPhoneSimulator
		{EE5CA1C6-93C0-41B5-855F-DB0049A17283}.Debug|iPhoneSimulator.Build.0 = Debug|iPhoneSimulator
		{EE5CA1C6-93C0-41B5-855F-DB0049A17283}.Release|iPhone.ActiveCfg = Release|iPhone
		{EE5CA1C6-93C0-41B5-855F-DB0049A17283}.Release|iPhone.Build.0 = Release|iPhone
		{EE5CA1C6-93C0-41B5-855F-DB0049A17283}.Release|iPhoneSimulator.ActiveCfg = Release|iPhoneSimulator
		{EE5CA1C6-93C0-41B5-855F-DB0049A17283}.Release|iPhoneSimulator.Build.0 = Release|iPhoneSimulator
		{EE5CA1C6-93C0-41B5-855F-DB0049A17283}.Debug|iPhone.ActiveCfg = Debug|iPhone
		{EE5CA1C6-93C0-41B5-855F-DB0049A17283}.Debug|iPhone.Build.0 = Debug|iPhone
	EndGlobalSection
EndGlobal
